
Microsoft Visual Studio Solution File, Format Version 12.00
# Visual Studio Version 16
VisualStudioVersion = 16.0.31624.102
MinimumVisualStudioVersion = 10.0.40219.1
Project("{FAE04EC0-301F-11D3-BF4B-00C04F79EFBC}") = "MyPaint", "MyPaint\MyPaint.csproj", "{92AA2C45-5681-47AD-B251-E10B50EEA522}"
EndProject
Global
	GlobalSection(SolutionConfigurationPlatforms) = preSolution
		Debug|Any CPU = Debug|Any CPU
		Release|Any CPU = Release|Any CPU
	EndGlobalSection
	GlobalSection(ProjectConfigurationPlatforms) = postSolution
		{92AA2C45-5681-47AD-B251-E10B50EEA522}.Debug|Any CPU.ActiveCfg = Debug|Any CPU
		{92AA2C45-5681-47AD-B251-E10B50EEA522}.Debug|Any CPU.Build.0 = Debug|Any CPU
		{92AA2C45-5681-47AD-B251-E10B50EEA522}.Release|Any CPU.ActiveCfg = Release|Any CPU
		{92AA2C45-5681-47AD-B251-E10B50EEA522}.Release|Any CPU.Build.0 = Release|Any CPU
	EndGlobalSection
	GlobalSection(SolutionProperties) = preSolution
		HideSolutionNode = FALSE
	EndGlobalSection
	GlobalSection(ExtensibilityGlobals) = postSolution
		SolutionGuid = {6A548123-8D9A-4EDF-82AF-ACC656B30565}
	EndGlobalSection
EndGlobal
